
Microsoft Visual Studio Solution File, Format Version 12.00
# Visual Studio 15
VisualStudioVersion = 15.0.26430.14
MinimumVisualStudioVersion = 10.0.40219.1
Project("{FAE04EC0-301F-11D3-BF4B-00C04F79EFBC}") = "Jigsaw.Minaret", "Jigsaw.Minaret\Jigsaw.Minaret.csproj", "{5310AB99-FDFD-447A-838F-EA391D01DE60}"
EndProject
Project("{FAE04EC0-301F-11D3-BF4B-00C04F79EFBC}") = "Jigsaw.Minaret.Actors", "Jigsaw.Minaret.Actors\Jigsaw.Minaret.Actors.csproj", "{CDFA02CD-1E2B-41BE-8BB1-A52A2C46F70C}"
EndProject
Global
	GlobalSection(SolutionConfigurationPlatforms) = preSolution
		Debug|Any CPU = Debug|Any CPU
		Release|Any CPU = Release|Any CPU
	EndGlobalSection
	GlobalSection(ProjectConfigurationPlatforms) = postSolution
		{5310AB99-FDFD-447A-838F-EA391D01DE60}.Debug|Any CPU.ActiveCfg = Debug|Any CPU
		{5310AB99-FDFD-447A-838F-EA391D01DE60}.Debug|Any CPU.Build.0 = Debug|Any CPU
		{5310AB99-FDFD-447A-838F-EA391D01DE60}.Release|Any CPU.ActiveCfg = Release|Any CPU
		{5310AB99-FDFD-447A-838F-EA391D01DE60}.Release|Any CPU.Build.0 = Release|Any CPU
		{CDFA02CD-1E2B-41BE-8BB1-A52A2C46F70C}.Debug|Any CPU.ActiveCfg = Debug|Any CPU
		{CDFA02CD-1E2B-41BE-8BB1-A52A2C46F70C}.Debug|Any CPU.Build.0 = Debug|Any CPU
		{CDFA02CD-1E2B-41BE-8BB1-A52A2C46F70C}.Release|Any CPU.ActiveCfg = Release|Any CPU
		{CDFA02CD-1E2B-41BE-8BB1-A52A2C46F70C}.Release|Any CPU.Build.0 = Release|Any CPU
	EndGlobalSection
	GlobalSection(SolutionProperties) = preSolution
		HideSolutionNode = FALSE
	EndGlobalSection
EndGlobal
