
Microsoft Visual Studio Solution File, Format Version 12.00
# Visual Studio 15
VisualStudioVersion = 15.0.26430.14
MinimumVisualStudioVersion = 10.0.40219.1
Project("{FAE04EC0-301F-11D3-BF4B-00C04F79EFBC}") = "Minaret", "Minaret\Minaret.csproj", "{5310AB99-FDFD-447A-838F-EA391D01DE60}"
EndProject
Project("{FAE04EC0-301F-11D3-BF4B-00C04F79EFBC}") = "Minaret.Actors", "Minaret.Actors\Minaret.Actors.csproj", "{CDFA02CD-1E2B-41BE-8BB1-A52A2C46F70C}"
EndProject
Project("{FAE04EC0-301F-11D3-BF4B-00C04F79EFBC}") = "Minaret.Helpers", "Minaret.Helpers\Minaret.Helpers.csproj", "{14052767-FF69-4E99-BA0F-A391A3987914}"
EndProject
Project("{2150E333-8FDC-42A3-9474-1A3956D46DE8}") = "Tests", "Tests", "{1B941C23-B385-4ED5-8A1D-DE6FEE98E5B5}"
EndProject
Project("{2150E333-8FDC-42A3-9474-1A3956D46DE8}") = "src", "src", "{051CC720-306E-4EF7-94C5-63FEF88D6D43}"
EndProject
Project("{FAE04EC0-301F-11D3-BF4B-00C04F79EFBC}") = "Minaret.Tests", "Minaret.Tests\Minaret.Tests.csproj", "{D23F18F7-6909-4CE2-BC95-0D44C5E9068E}"
EndProject
Global
	GlobalSection(SolutionConfigurationPlatforms) = preSolution
		Debug|Any CPU = Debug|Any CPU
		Release|Any CPU = Release|Any CPU
	EndGlobalSection
	GlobalSection(ProjectConfigurationPlatforms) = postSolution
		{5310AB99-FDFD-447A-838F-EA391D01DE60}.Debug|Any CPU.ActiveCfg = Debug|Any CPU
		{5310AB99-FDFD-447A-838F-EA391D01DE60}.Debug|Any CPU.Build.0 = Debug|Any CPU
		{5310AB99-FDFD-447A-838F-EA391D01DE60}.Release|Any CPU.ActiveCfg = Release|Any CPU
		{5310AB99-FDFD-447A-838F-EA391D01DE60}.Release|Any CPU.Build.0 = Release|Any CPU
		{CDFA02CD-1E2B-41BE-8BB1-A52A2C46F70C}.Debug|Any CPU.ActiveCfg = Debug|Any CPU
		{CDFA02CD-1E2B-41BE-8BB1-A52A2C46F70C}.Debug|Any CPU.Build.0 = Debug|Any CPU
		{CDFA02CD-1E2B-41BE-8BB1-A52A2C46F70C}.Release|Any CPU.ActiveCfg = Release|Any CPU
		{CDFA02CD-1E2B-41BE-8BB1-A52A2C46F70C}.Release|Any CPU.Build.0 = Release|Any CPU
		{14052767-FF69-4E99-BA0F-A391A3987914}.Debug|Any CPU.ActiveCfg = Debug|Any CPU
		{14052767-FF69-4E99-BA0F-A391A3987914}.Debug|Any CPU.Build.0 = Debug|Any CPU
		{14052767-FF69-4E99-BA0F-A391A3987914}.Release|Any CPU.ActiveCfg = Release|Any CPU
		{14052767-FF69-4E99-BA0F-A391A3987914}.Release|Any CPU.Build.0 = Release|Any CPU
		{D23F18F7-6909-4CE2-BC95-0D44C5E9068E}.Debug|Any CPU.ActiveCfg = Debug|Any CPU
		{D23F18F7-6909-4CE2-BC95-0D44C5E9068E}.Debug|Any CPU.Build.0 = Debug|Any CPU
		{D23F18F7-6909-4CE2-BC95-0D44C5E9068E}.Release|Any CPU.ActiveCfg = Release|Any CPU
		{D23F18F7-6909-4CE2-BC95-0D44C5E9068E}.Release|Any CPU.Build.0 = Release|Any CPU
	EndGlobalSection
	GlobalSection(SolutionProperties) = preSolution
		HideSolutionNode = FALSE
	EndGlobalSection
	GlobalSection(NestedProjects) = preSolution
		{5310AB99-FDFD-447A-838F-EA391D01DE60} = {051CC720-306E-4EF7-94C5-63FEF88D6D43}
		{CDFA02CD-1E2B-41BE-8BB1-A52A2C46F70C} = {051CC720-306E-4EF7-94C5-63FEF88D6D43}
		{14052767-FF69-4E99-BA0F-A391A3987914} = {051CC720-306E-4EF7-94C5-63FEF88D6D43}
		{D23F18F7-6909-4CE2-BC95-0D44C5E9068E} = {1B941C23-B385-4ED5-8A1D-DE6FEE98E5B5}
	EndGlobalSection
EndGlobal
